
Microsoft Visual Studio Solution File, Format Version 12.00
# Visual Studio 15
VisualStudioVersion = 15.0.28010.2036
MinimumVisualStudioVersion = 10.0.40219.1
Project("{FAE04EC0-301F-11D3-BF4B-00C04F79EFBC}") = "PC.PersianCalendar.Android", "PC.PersianCalendar\PC.PersianCalendar.Android\PC.PersianCalendar.Android.csproj", "{311E41CB-1EB8-4741-B497-22F6B7B72AEB}"
EndProject
Project("{FAE04EC0-301F-11D3-BF4B-00C04F79EFBC}") = "PC.PersianCalendar.iOS", "PC.PersianCalendar\PC.PersianCalendar.iOS\PC.PersianCalendar.iOS.csproj", "{0CE15686-BFC2-4C48-84F9-D413090881EA}"
EndProject
Project("{9A19103F-16F7-4668-BE54-9A1E7A4F7556}") = "PC.PersianCalendar", "PC.PersianCalendar\PC.PersianCalendar\PC.PersianCalendar.csproj", "{D6089C98-9DA8-465C-B4F9-2F5D64587E7C}"
EndProject
Global
	GlobalSection(SolutionConfigurationPlatforms) = preSolution
		Ad-Hoc|Any CPU = Ad-Hoc|Any CPU
		Ad-Hoc|iPhone = Ad-Hoc|iPhone
		Ad-Hoc|iPhoneSimulator = Ad-Hoc|iPhoneSimulator
		AppStore|Any CPU = AppStore|Any CPU
		AppStore|iPhone = AppStore|iPhone
		AppStore|iPhoneSimulator = AppStore|iPhoneSimulator
		Debug|Any CPU = Debug|Any CPU
		Debug|iPhone = Debug|iPhone
		Debug|iPhoneSimulator = Debug|iPhoneSimulator
		Release|Any CPU = Release|Any CPU
		Release|iPhone = Release|iPhone
		Release|iPhoneSimulator = Release|iPhoneSimulator
	EndGlobalSection
	GlobalSection(ProjectConfigurationPlatforms) = postSolution
		{311E41CB-1EB8-4741-B497-22F6B7B72AEB}.Ad-Hoc|Any CPU.ActiveCfg = Release|Any CPU
		{311E41CB-1EB8-4741-B497-22F6B7B72AEB}.Ad-Hoc|Any CPU.Build.0 = Release|Any CPU
		{311E41CB-1EB8-4741-B497-22F6B7B72AEB}.Ad-Hoc|Any CPU.Deploy.0 = Release|Any CPU
		{311E41CB-1EB8-4741-B497-22F6B7B72AEB}.Ad-Hoc|iPhone.ActiveCfg = Release|Any CPU
		{311E41CB-1EB8-4741-B497-22F6B7B72AEB}.Ad-Hoc|iPhone.Build.0 = Release|Any CPU
		{311E41CB-1EB8-4741-B497-22F6B7B72AEB}.Ad-Hoc|iPhone.Deploy.0 = Release|Any CPU
		{311E41CB-1EB8-4741-B497-22F6B7B72AEB}.Ad-Hoc|iPhoneSimulator.ActiveCfg = Release|Any CPU
		{311E41CB-1EB8-4741-B497-22F6B7B72AEB}.Ad-Hoc|iPhoneSimulator.Build.0 = Release|Any CPU
		{311E41CB-1EB8-4741-B497-22F6B7B72AEB}.Ad-Hoc|iPhoneSimulator.Deploy.0 = Release|Any CPU
		{311E41CB-1EB8-4741-B497-22F6B7B72AEB}.AppStore|Any CPU.ActiveCfg = Release|Any CPU
		{311E41CB-1EB8-4741-B497-22F6B7B72AEB}.AppStore|Any CPU.Build.0 = Release|Any CPU
		{311E41CB-1EB8-4741-B497-22F6B7B72AEB}.AppStore|Any CPU.Deploy.0 = Release|Any CPU
		{311E41CB-1EB8-4741-B497-22F6B7B72AEB}.AppStore|iPhone.ActiveCfg = Release|Any CPU
		{311E41CB-1EB8-4741-B497-22F6B7B72AEB}.AppStore|iPhone.Build.0 = Release|Any CPU
		{311E41CB-1EB8-4741-B497-22F6B7B72AEB}.AppStore|iPhone.Deploy.0 = Release|Any CPU
		{311E41CB-1EB8-4741-B497-22F6B7B72AEB}.AppStore|iPhoneSimulator.ActiveCfg = Release|Any CPU
		{311E41CB-1EB8-4741-B497-22F6B7B72AEB}.AppStore|iPhoneSimulator.Build.0 = Release|Any CPU
		{311E41CB-1EB8-4741-B497-22F6B7B72AEB}.AppStore|iPhoneSimulator.Deploy.0 = Release|Any CPU
		{311E41CB-1EB8-4741-B497-22F6B7B72AEB}.Debug|Any CPU.ActiveCfg = Debug|Any CPU
		{311E41CB-1EB8-4741-B497-22F6B7B72AEB}.Debug|Any CPU.Build.0 = Debug|Any CPU
		{311E41CB-1EB8-4741-B497-22F6B7B72AEB}.Debug|Any CPU.Deploy.0 = Debug|Any CPU
		{311E41CB-1EB8-4741-B497-22F6B7B72AEB}.Debug|iPhone.ActiveCfg = Debug|Any CPU
		{311E41CB-1EB8-4741-B497-22F6B7B72AEB}.Debug|iPhone.Build.0 = Debug|Any CPU
		{311E41CB-1EB8-4741-B497-22F6B7B72AEB}.Debug|iPhone.Deploy.0 = Debug|Any CPU
		{311E41CB-1EB8-4741-B497-22F6B7B72AEB}.Debug|iPhoneSimulator.ActiveCfg = Debug|Any CPU
		{311E41CB-1EB8-4741-B497-22F6B7B72AEB}.Debug|iPhoneSimulator.Build.0 = Debug|Any CPU
		{311E41CB-1EB8-4741-B497-22F6B7B72AEB}.Debug|iPhoneSimulator.Deploy.0 = Debug|Any CPU
		{311E41CB-1EB8-4741-B497-22F6B7B72AEB}.Release|Any CPU.ActiveCfg = Release|Any CPU
		{311E41CB-1EB8-4741-B497-22F6B7B72AEB}.Release|Any CPU.Build.0 = Release|Any CPU
		{311E41CB-1EB8-4741-B497-22F6B7B72AEB}.Release|Any CPU.Deploy.0 = Release|Any CPU
		{311E41CB-1EB8-4741-B497-22F6B7B72AEB}.Release|iPhone.ActiveCfg = Release|Any CPU
		{311E41CB-1EB8-4741-B497-22F6B7B72AEB}.Release|iPhone.Build.0 = Release|Any CPU
		{311E41CB-1EB8-4741-B497-22F6B7B72AEB}.Release|iPhone.Deploy.0 = Release|Any CPU
		{311E41CB-1EB8-4741-B497-22F6B7B72AEB}.Release|iPhoneSimulator.ActiveCfg = Release|Any CPU
		{311E41CB-1EB8-4741-B497-22F6B7B72AEB}.Release|iPhoneSimulator.Build.0 = Release|Any CPU
		{311E41CB-1EB8-4741-B497-22F6B7B72AEB}.Release|iPhoneSimulator.Deploy.0 = Release|Any CPU
		{0CE15686-BFC2-4C48-84F9-D413090881EA}.Ad-Hoc|Any CPU.ActiveCfg = Ad-Hoc|iPhone
		{0CE15686-BFC2-4C48-84F9-D413090881EA}.Ad-Hoc|Any CPU.Build.0 = Ad-Hoc|iPhone
		{0CE15686-BFC2-4C48-84F9-D413090881EA}.Ad-Hoc|Any CPU.Deploy.0 = Ad-Hoc|iPhone
		{0CE15686-BFC2-4C48-84F9-D413090881EA}.Ad-Hoc|iPhone.ActiveCfg = Ad-Hoc|iPhone
		{0CE15686-BFC2-4C48-84F9-D413090881EA}.Ad-Hoc|iPhone.Build.0 = Ad-Hoc|iPhone
		{0CE15686-BFC2-4C48-84F9-D413090881EA}.Ad-Hoc|iPhone.Deploy.0 = Ad-Hoc|iPhone
		{0CE15686-BFC2-4C48-84F9-D413090881EA}.Ad-Hoc|iPhoneSimulator.ActiveCfg = Ad-Hoc|iPhoneSimulator
		{0CE15686-BFC2-4C48-84F9-D413090881EA}.Ad-Hoc|iPhoneSimulator.Build.0 = Ad-Hoc|iPhoneSimulator
		{0CE15686-BFC2-4C48-84F9-D413090881EA}.Ad-Hoc|iPhoneSimulator.Deploy.0 = Ad-Hoc|iPhoneSimulator
		{0CE15686-BFC2-4C48-84F9-D413090881EA}.AppStore|Any CPU.ActiveCfg = AppStore|iPhone
		{0CE15686-BFC2-4C48-84F9-D413090881EA}.AppStore|Any CPU.Build.0 = AppStore|iPhone
		{0CE15686-BFC2-4C48-84F9-D413090881EA}.AppStore|Any CPU.Deploy.0 = AppStore|iPhone
		{0CE15686-BFC2-4C48-84F9-D413090881EA}.AppStore|iPhone.ActiveCfg = AppStore|iPhone
		{0CE15686-BFC2-4C48-84F9-D413090881EA}.AppStore|iPhone.Build.0 = AppStore|iPhone
		{0CE15686-BFC2-4C48-84F9-D413090881EA}.AppStore|iPhone.Deploy.0 = AppStore|iPhone
		{0CE15686-BFC2-4C48-84F9-D413090881EA}.AppStore|iPhoneSimulator.ActiveCfg = AppStore|iPhoneSimulator
		{0CE15686-BFC2-4C48-84F9-D413090881EA}.AppStore|iPhoneSimulator.Build.0 = AppStore|iPhoneSimulator
		{0CE15686-BFC2-4C48-84F9-D413090881EA}.AppStore|iPhoneSimulator.Deploy.0 = AppStore|iPhoneSimulator
		{0CE15686-BFC2-4C48-84F9-D413090881EA}.Debug|Any CPU.ActiveCfg = Debug|iPhone
		{0CE15686-BFC2-4C48-84F9-D413090881EA}.Debug|Any CPU.Build.0 = Debug|iPhone
		{0CE15686-BFC2-4C48-84F9-D413090881EA}.Debug|Any CPU.Deploy.0 = Debug|iPhone
		{0CE15686-BFC2-4C48-84F9-D413090881EA}.Debug|iPhone.ActiveCfg = Debug|iPhone
		{0CE15686-BFC2-4C48-84F9-D413090881EA}.Debug|iPhone.Build.0 = Debug|iPhone
		{0CE15686-BFC2-4C48-84F9-D413090881EA}.Debug|iPhone.Deploy.0 = Debug|iPhone
		{0CE15686-BFC2-4C48-84F9-D413090881EA}.Debug|iPhoneSimulator.ActiveCfg = Debug|iPhoneSimulator
		{0CE15686-BFC2-4C48-84F9-D413090881EA}.Debug|iPhoneSimulator.Build.0 = Debug|iPhoneSimulator
		{0CE15686-BFC2-4C48-84F9-D413090881EA}.Debug|iPhoneSimulator.Deploy.0 = Debug|iPhoneSimulator
		{0CE15686-BFC2-4C48-84F9-D413090881EA}.Release|Any CPU.ActiveCfg = Release|iPhone
		{0CE15686-BFC2-4C48-84F9-D413090881EA}.Release|Any CPU.Build.0 = Release|iPhone
		{0CE15686-BFC2-4C48-84F9-D413090881EA}.Release|Any CPU.Deploy.0 = Release|iPhone
		{0CE15686-BFC2-4C48-84F9-D413090881EA}.Release|iPhone.ActiveCfg = Release|iPhone
		{0CE15686-BFC2-4C48-84F9-D413090881EA}.Release|iPhone.Build.0 = Release|iPhone
		{0CE15686-BFC2-4C48-84F9-D413090881EA}.Release|iPhone.Deploy.0 = Release|iPhone
		{0CE15686-BFC2-4C48-84F9-D413090881EA}.Release|iPhoneSimulator.ActiveCfg = Release|iPhoneSimulator
		{0CE15686-BFC2-4C48-84F9-D413090881EA}.Release|iPhoneSimulator.Build.0 = Release|iPhoneSimulator
		{0CE15686-BFC2-4C48-84F9-D413090881EA}.Release|iPhoneSimulator.Deploy.0 = Release|iPhoneSimulator
		{D6089C98-9DA8-465C-B4F9-2F5D64587E7C}.Ad-Hoc|Any CPU.ActiveCfg = Debug|Any CPU
		{D6089C98-9DA8-465C-B4F9-2F5D64587E7C}.Ad-Hoc|Any CPU.Build.0 = Debug|Any CPU
		{D6089C98-9DA8-465C-B4F9-2F5D64587E7C}.Ad-Hoc|Any CPU.Deploy.0 = Debug|Any CPU
		{D6089C98-9DA8-465C-B4F9-2F5D64587E7C}.Ad-Hoc|iPhone.ActiveCfg = Debug|Any CPU
		{D6089C98-9DA8-465C-B4F9-2F5D64587E7C}.Ad-Hoc|iPhone.Build.0 = Debug|Any CPU
		{D6089C98-9DA8-465C-B4F9-2F5D64587E7C}.Ad-Hoc|iPhone.Deploy.0 = Debug|Any CPU
		{D6089C98-9DA8-465C-B4F9-2F5D64587E7C}.Ad-Hoc|iPhoneSimulator.ActiveCfg = Debug|Any CPU
		{D6089C98-9DA8-465C-B4F9-2F5D64587E7C}.Ad-Hoc|iPhoneSimulator.Build.0 = Debug|Any CPU
		{D6089C98-9DA8-465C-B4F9-2F5D64587E7C}.Ad-Hoc|iPhoneSimulator.Deploy.0 = Debug|Any CPU
		{D6089C98-9DA8-465C-B4F9-2F5D64587E7C}.AppStore|Any CPU.ActiveCfg = Debug|Any CPU
		{D6089C98-9DA8-465C-B4F9-2F5D64587E7C}.AppStore|Any CPU.Build.0 = Debug|Any CPU
		{D6089C98-9DA8-465C-B4F9-2F5D64587E7C}.AppStore|Any CPU.Deploy.0 = Debug|Any CPU
		{D6089C98-9DA8-465C-B4F9-2F5D64587E7C}.AppStore|iPhone.ActiveCfg = Debug|Any CPU
		{D6089C98-9DA8-465C-B4F9-2F5D64587E7C}.AppStore|iPhone.Build.0 = Debug|Any CPU
		{D6089C98-9DA8-465C-B4F9-2F5D64587E7C}.AppStore|iPhone.Deploy.0 = Debug|Any CPU
		{D6089C98-9DA8-465C-B4F9-2F5D64587E7C}.AppStore|iPhoneSimulator.ActiveCfg = Debug|Any CPU
		{D6089C98-9DA8-465C-B4F9-2F5D64587E7C}.AppStore|iPhoneSimulator.Build.0 = Debug|Any CPU
		{D6089C98-9DA8-465C-B4F9-2F5D64587E7C}.AppStore|iPhoneSimulator.Deploy.0 = Debug|Any CPU
		{D6089C98-9DA8-465C-B4F9-2F5D64587E7C}.Debug|Any CPU.ActiveCfg = Debug|Any CPU
		{D6089C98-9DA8-465C-B4F9-2F5D64587E7C}.Debug|Any CPU.Build.0 = Debug|Any CPU
		{D6089C98-9DA8-465C-B4F9-2F5D64587E7C}.Debug|Any CPU.Deploy.0 = Debug|Any CPU
		{D6089C98-9DA8-465C-B4F9-2F5D64587E7C}.Debug|iPhone.ActiveCfg = Debug|Any CPU
		{D6089C98-9DA8-465C-B4F9-2F5D64587E7C}.Debug|iPhone.Build.0 = Debug|Any CPU
		{D6089C98-9DA8-465C-B4F9-2F5D64587E7C}.Debug|iPhone.Deploy.0 = Debug|Any CPU
		{D6089C98-9DA8-465C-B4F9-2F5D64587E7C}.Debug|iPhoneSimulator.ActiveCfg = Debug|Any CPU
		{D6089C98-9DA8-465C-B4F9-2F5D64587E7C}.Debug|iPhoneSimulator.Build.0 = Debug|Any CPU
		{D6089C98-9DA8-465C-B4F9-2F5D64587E7C}.Debug|iPhoneSimulator.Deploy.0 = Debug|Any CPU
		{D6089C98-9DA8-465C-B4F9-2F5D64587E7C}.Release|Any CPU.ActiveCfg = Release|Any CPU
		{D6089C98-9DA8-465C-B4F9-2F5D64587E7C}.Release|Any CPU.Build.0 = Release|Any CPU
		{D6089C98-9DA8-465C-B4F9-2F5D64587E7C}.Release|Any CPU.Deploy.0 = Release|Any CPU
		{D6089C98-9DA8-465C-B4F9-2F5D64587E7C}.Release|iPhone.ActiveCfg = Release|Any CPU
		{D6089C98-9DA8-465C-B4F9-2F5D64587E7C}.Release|iPhone.Build.0 = Release|Any CPU
		{D6089C98-9DA8-465C-B4F9-2F5D64587E7C}.Release|iPhone.Deploy.0 = Release|Any CPU
		{D6089C98-9DA8-465C-B4F9-2F5D64587E7C}.Release|iPhoneSimulator.ActiveCfg = Release|Any CPU
		{D6089C98-9DA8-465C-B4F9-2F5D64587E7C}.Release|iPhoneSimulator.Build.0 = Release|Any CPU
		{D6089C98-9DA8-465C-B4F9-2F5D64587E7C}.Release|iPhoneSimulator.Deploy.0 = Release|Any CPU
	EndGlobalSection
	GlobalSection(SolutionProperties) = preSolution
		HideSolutionNode = FALSE
	EndGlobalSection
	GlobalSection(ExtensibilityGlobals) = postSolution
		SolutionGuid = {94262677-5714-4937-BE9A-5CA67BC17592}
	EndGlobalSection
	GlobalSection(TeamFoundationVersionControl) = preSolution
		SccNumberOfProjects = 4
		SccEnterpriseProvider = {4CA58AB2-18FA-4F8D-95D4-32DDF27D184C}
		SccTeamFoundationServer = http://89.32.248.226:8080/tfs/hosseincollection
		SccLocalPath0 = .
		SccProjectUniqueName1 = PC.PersianCalendar\\PC.PersianCalendar.Android\\PC.PersianCalendar.Android.csproj
		SccProjectName1 = PC.PersianCalendar/PC.PersianCalendar.Android
		SccLocalPath1 = PC.PersianCalendar\\PC.PersianCalendar.Android
		SccProjectUniqueName2 = PC.PersianCalendar\\PC.PersianCalendar.iOS\\PC.PersianCalendar.iOS.csproj
		SccProjectName2 = PC.PersianCalendar/PC.PersianCalendar.iOS
		SccLocalPath2 = PC.PersianCalendar\\PC.PersianCalendar.iOS
		SccProjectUniqueName3 = PC.PersianCalendar\\PC.PersianCalendar\\PC.PersianCalendar.csproj
		SccProjectName3 = PC.PersianCalendar/PC.PersianCalendar
		SccLocalPath3 = PC.PersianCalendar\\PC.PersianCalendar
	EndGlobalSection
EndGlobal
